{
    "_readme": [
        "This file locks the dependencies of your project to a known state",
        "Read more about it at https://getcomposer.org/doc/01-basic-usage.md#installing-dependencies",
        "This file is @generated automatically"
    ],
    "content-hash": "943e5b71196e29207ea1c3edb50398c6",
    "packages": [
        {
            "name": "ardzz/http-request",
            "version": "dev-master",
            "source": {
                "type": "git",
                "url": "https://github.com/ardzz/http-request.git",
                "reference": "d75258319496e55f67eeef9c6e62e8dfeade7b71"
            },
            "dist": {
                "type": "zip",
                "url": "https://api.github.com/repos/ardzz/http-request/zipball/d75258319496e55f67eeef9c6e62e8dfeade7b71",
                "reference": "d75258319496e55f67eeef9c6e62e8dfeade7b71",
                "shasum": ""
            },
            "require": {
                "php": "7.*.*"
            },
            "type": "module",
            "autoload": {
                "psr-4": {
                    "HttpRequest\\": "src/"
                }
            },
            "notification-url": "https://packagist.org/downloads/",
            "license": [
                "MIT"
            ],
            "authors": [
                {
                    "name": "Ardhana",
                    "email": "ardzz@indoxploit.or.id"
                }
            ],
            "description": "Module http-request, untuk mempermudah keperluan cURL pada PHP",
            "time": "2019-06-18T23:55:33+00:00"
        }
    ],
    "packages-dev": [],
    "aliases": [],
    "minimum-stability": "stable",
    "stability-flags": {
        "ardzz/http-request": 20
    },
    "prefer-stable": false,
    "prefer-lowest": false,
    "platform": [],
    "platform-dev": []
}
